
Microsoft Visual Studio Solution File, Format Version 12.00
# Visual Studio Version 17
VisualStudioVersion = 17.14.36202.13 d17.14
MinimumVisualStudioVersion = 10.0.40219.1
Project("{FAE04EC0-301F-11D3-BF4B-00C04F79EFBC}") = "EjercicioParcialGuia8", "EjercicioParcialGuia8\EjercicioParcialGuia8.csproj", "{04571630-378F-4C27-AE04-9179C41E433F}"
EndProject
Global
	GlobalSection(SolutionConfigurationPlatforms) = preSolution
		Debug|Any CPU = Debug|Any CPU
		Release|Any CPU = Release|Any CPU
	EndGlobalSection
	GlobalSection(ProjectConfigurationPlatforms) = postSolution
		{04571630-378F-4C27-AE04-9179C41E433F}.Debug|Any CPU.ActiveCfg = Debug|Any CPU
		{04571630-378F-4C27-AE04-9179C41E433F}.Debug|Any CPU.Build.0 = Debug|Any CPU
		{04571630-378F-4C27-AE04-9179C41E433F}.Release|Any CPU.ActiveCfg = Release|Any CPU
		{04571630-378F-4C27-AE04-9179C41E433F}.Release|Any CPU.Build.0 = Release|Any CPU
	EndGlobalSection
	GlobalSection(SolutionProperties) = preSolution
		HideSolutionNode = FALSE
	EndGlobalSection
	GlobalSection(ExtensibilityGlobals) = postSolution
		SolutionGuid = {B54578D2-59E8-4868-9512-6FE190633F15}
	EndGlobalSection
EndGlobal
