
Microsoft Visual Studio Solution File, Format Version 12.00
# Visual Studio Version 17
VisualStudioVersion = 17.14.36202.13 d17.14
MinimumVisualStudioVersion = 10.0.40219.1
Project("{FAE04EC0-301F-11D3-BF4B-00C04F79EFBC}") = "WindowsFormsApp1123", "WindowsFormsApp1123\WindowsFormsApp1123.csproj", "{C33963D5-33A3-4F57-9289-C64F0CC9029A}"
EndProject
Global
	GlobalSection(SolutionConfigurationPlatforms) = preSolution
		Debug|Any CPU = Debug|Any CPU
		Release|Any CPU = Release|Any CPU
	EndGlobalSection
	GlobalSection(ProjectConfigurationPlatforms) = postSolution
		{C33963D5-33A3-4F57-9289-C64F0CC9029A}.Debug|Any CPU.ActiveCfg = Debug|Any CPU
		{C33963D5-33A3-4F57-9289-C64F0CC9029A}.Debug|Any CPU.Build.0 = Debug|Any CPU
		{C33963D5-33A3-4F57-9289-C64F0CC9029A}.Release|Any CPU.ActiveCfg = Release|Any CPU
		{C33963D5-33A3-4F57-9289-C64F0CC9029A}.Release|Any CPU.Build.0 = Release|Any CPU
	EndGlobalSection
	GlobalSection(SolutionProperties) = preSolution
		HideSolutionNode = FALSE
	EndGlobalSection
	GlobalSection(ExtensibilityGlobals) = postSolution
		SolutionGuid = {9B212209-7839-4268-8961-92C9CA6B98FB}
	EndGlobalSection
EndGlobal
